// !$*UTF8*$!
{
	archiveVersion = 1;
	classes = {
	};
	objectVersion = 50;
	objects = {

/* Begin PBXBuildFile section */
		392E691322570974003C33E5 /* AppDelegate.m in Sources */ = {isa = PBXBuildFile; fileRef = 392E691222570974003C33E5 /* AppDelegate.m */; };
		392E691622570974003C33E5 /* ViewController.m in Sources */ = {isa = PBXBuildFile; fileRef = 392E691522570974003C33E5 /* ViewController.m */; };
		392E691922570974003C33E5 /* Main.storyboard in Resources */ = {isa = PBXBuildFile; fileRef = 392E691722570974003C33E5 /* Main.storyboard */; };
		392E691B22570976003C33E5 /* Assets.xcassets in Resources */ = {isa = PBXBuildFile; fileRef = 392E691A22570976003C33E5 /* Assets.xcassets */; };
		392E691E22570976003C33E5 /* LaunchScreen.storyboard in Resources */ = {isa = PBXBuildFile; fileRef = 392E691C22570976003C33E5 /* LaunchScreen.storyboard */; };
		392E692122570976003C33E5 /* main.m in Sources */ = {isa = PBXBuildFile; fileRef = 392E692022570976003C33E5 /* main.m */; };
		392E6929225709A1003C33E5 /* ZMJPerson.m in Sources */ = {isa = PBXBuildFile; fileRef = 392E6928225709A1003C33E5 /* ZMJPerson.m */; };
/* End PBXBuildFile section */

/* Begin PBXFileReference section */
		392E690E22570974003C33E5 /* KVO基础.app */ = {isa = PBXFileReference; explicitFileType = wrapper.application; includeInIndex = 0; path = "KVO基础.app"; sourceTree = BUILT_PRODUCTS_DIR; };
		392E691122570974003C33E5 /* AppDelegate.h */ = {isa = PBXFileReference; lastKnownFileType = sourcecode.c.h; path = AppDelegate.h; sourceTree = "<group>"; };
		392E691222570974003C33E5 /* AppDelegate.m */ = {isa = PBXFileReference; lastKnownFileType = sourcecode.c.objc; path = AppDelegate.m; sourceTree = "<group>"; };
		392E691422570974003C33E5 /* ViewController.h */ = {isa = PBXFileReference; lastKnownFileType = sourcecode.c.h; path = ViewController.h; sourceTree = "<group>"; };
		392E691522570974003C33E5 /* ViewController.m */ = {isa = PBXFileReference; lastKnownFileType = sourcecode.c.objc; path = ViewController.m; sourceTree = "<group>"; };
		392E691822570974003C33E5 /* Base */ = {isa = PBXFileReference; lastKnownFileType = file.storyboard; name = Base; path = Base.lproj/Main.storyboard; sourceTree = "<group>"; };
		392E691A22570976003C33E5 /* Assets.xcassets */ = {isa = PBXFileReference; lastKnownFileType = folder.assetcatalog; path = Assets.xcassets; sourceTree = "<group>"; };
		392E691D22570976003C33E5 /* Base */ = {isa = PBXFileReference; lastKnownFileType = file.storyboard; name = Base; path = Base.lproj/LaunchScreen.storyboard; sourceTree = "<group>"; };
		392E691F22570976003C33E5 /* Info.plist */ = {isa = PBXFileReference; lastKnownFileType = text.plist.xml; path = Info.plist; sourceTree = "<group>"; };
		392E692022570976003C33E5 /* main.m */ = {isa = PBXFileReference; lastKnownFileType = sourcecode.c.objc; path = main.m; sourceTree = "<group>"; };
		392E6927225709A1003C33E5 /* ZMJPerson.h */ = {isa = PBXFileReference; lastKnownFileType = sourcecode.c.h; path = ZMJPerson.h; sourceTree = "<group>"; };
		392E6928225709A1003C33E5 /* ZMJPerson.m */ = {isa = PBXFileReference; lastKnownFileType = sourcecode.c.objc; path = ZMJPerson.m; sourceTree = "<group>"; };
/* End PBXFileReference section */

/* Begin PBXFrameworksBuildPhase section */
		392E690B22570973003C33E5 /* Frameworks */ = {
			isa = PBXFrameworksBuildPhase;
			buildActionMask = 2147483647;
			files = (
			);
			runOnlyForDeploymentPostprocessing = 0;
		};
/* End PBXFrameworksBuildPhase section */

/* Begin PBXGroup section */
		392E690522570973003C33E5 = {
			isa = PBXGroup;
			children = (
				392E691022570974003C33E5 /* KVO基础 */,
				392E690F22570974003C33E5 /* Products */,
			);
			sourceTree = "<group>";
		};
		392E690F22570974003C33E5 /* Products */ = {
			isa = PBXGroup;
			children = (
				392E690E22570974003C33E5 /* KVO基础.app */,
			);
			name = Products;
			sourceTree = "<group>";
		};
		392E691022570974003C33E5 /* KVO基础 */ = {
			isa = PBXGroup;
			children = (
				392E691122570974003C33E5 /* AppDelegate.h */,
				392E691222570974003C33E5 /* AppDelegate.m */,
				392E691422570974003C33E5 /* ViewController.h */,
				392E691522570974003C33E5 /* ViewController.m */,
				392E691722570974003C33E5 /* Main.storyboard */,
				392E691A22570976003C33E5 /* Assets.xcassets */,
				392E691C22570976003C33E5 /* LaunchScreen.storyboard */,
				392E691F22570976003C33E5 /* Info.plist */,
				392E692022570976003C33E5 /* main.m */,
				392E6927225709A1003C33E5 /* ZMJPerson.h */,
				392E6928225709A1003C33E5 /* ZMJPerson.m */,
			);
			path = "KVO基础";
			sourceTree = "<group>";
		};
/* End PBXGroup section */

/* Begin PBXNativeTarget section */
		392E690D22570973003C33E5 /* KVO基础 */ = {
			isa = PBXNativeTarget;
			buildConfigurationList = 392E692422570976003C33E5 /* Build configuration list for PBXNativeTarget "KVO基础" */;
			buildPhases = (
				392E690A22570973003C33E5 /* Sources */,
				392E690B22570973003C33E5 /* Frameworks */,
				392E690C22570973003C33E5 /* Resources */,
			);
			buildRules = (
			);
			dependencies = (
			);
			name = "KVO基础";
			productName = "KVO基础";
			productReference = 392E690E22570974003C33E5 /* KVO基础.app */;
			productType = "com.apple.product-type.application";
		};
/* End PBXNativeTarget section */

/* Begin PBXProject section */
		392E690622570973003C33E5 /* Project object */ = {
			isa = PBXProject;
			attributes = {
				LastUpgradeCheck = 1000;
				ORGANIZATIONNAME = "mingjun zhang";
				TargetAttributes = {
					392E690D22570973003C33E5 = {
						CreatedOnToolsVersion = 10.0;
					};
				};
			};
			buildConfigurationList = 392E690922570973003C33E5 /* Build configuration list for PBXProject "KVO基础" */;
			compatibilityVersion = "Xcode 9.3";
			developmentRegion = en;
			hasScannedForEncodings = 0;
			knownRegions = (
				en,
				Base,
			);
			mainGroup = 392E690522570973003C33E5;
			productRefGroup = 392E690F22570974003C33E5 /* Products */;
			projectDirPath = "";
			projectRoot = "";
			targets = (
				392E690D22570973003C33E5 /* KVO基础 */,
			);
		};
/* End PBXProject section */

/* Begin PBXResourcesBuildPhase section */
		392E690C22570973003C33E5 /* Resources */ = {
			isa = PBXResourcesBuildPhase;
			buildActionMask = 2147483647;
			files = (
				392E691E22570976003C33E5 /* LaunchScreen.storyboard in Resources */,
				392E691B22570976003C33E5 /* Assets.xcassets in Resources */,
				392E691922570974003C33E5 /* Main.storyboard in Resources */,
			);
			runOnlyForDeploymentPostprocessing = 0;
		};
/* End PBXResourcesBuildPhase section */

/* Begin PBXSourcesBuildPhase section */
		392E690A22570973003C33E5 /* Sources */ = {
			isa = PBXSourcesBuildPhase;
			buildActionMask = 2147483647;
			files = (
				392E691622570974003C33E5 /* ViewController.m in Sources */,
				392E692122570976003C33E5 /* main.m in Sources */,
				392E6929225709A1003C33E5 /* ZMJPerson.m in Sources */,
				392E691322570974003C33E5 /* AppDelegate.m in Sources */,
			);
			runOnlyForDeploymentPostprocessing = 0;
		};
/* End PBXSourcesBuildPhase section */

/* Begin PBXVariantGroup section */
		392E691722570974003C33E5 /* Main.storyboard */ = {
			isa = PBXVariantGroup;
			children = (
				392E691822570974003C33E5 /* Base */,
			);
			name = Main.storyboard;
			sourceTree = "<group>";
		};
		392E691C22570976003C33E5 /* LaunchScreen.storyboard */ = {
			isa = PBXVariantGroup;
			children = (
				392E691D22570976003C33E5 /* Base */,
			);
			name = LaunchScreen.storyboard;
			sourceTree = "<group>";
		};
/* End PBXVariantGroup section */

/* Begin XCBuildConfiguration section */
		392E692222570976003C33E5 /* Debug */ = {
			isa = XCBuildConfiguration;
			buildSettings = {
				ALWAYS_SEARCH_USER_PATHS = NO;
				CLANG_ANALYZER_NONNULL = YES;
				CLANG_ANALYZER_NUMBER_OBJECT_CONVERSION = YES_AGGRESSIVE;
				CLANG_CXX_LANGUAGE_STANDARD = "gnu++14";
				CLANG_CXX_LIBRARY = "libc++";
				CLANG_ENABLE_MODULES = YES;
				CLANG_ENABLE_OBJC_ARC = YES;
				CLANG_ENABLE_OBJC_WEAK = YES;
				CLANG_WARN_BLOCK_CAPTURE_AUTORELEASING = YES;
				CLANG_WARN_BOOL_CONVERSION = YES;
				CLANG_WARN_COMMA = YES;
				CLANG_WARN_CONSTANT_CONVERSION = YES;
				CLANG_WARN_DEPRECATED_OBJC_IMPLEMENTATIONS = YES;
				CLANG_WARN_DIRECT_OBJC_ISA_USAGE = YES_ERROR;
				CLANG_WARN_DOCUMENTATION_COMMENTS = YES;
				CLANG_WARN_EMPTY_BODY = YES;
				CLANG_WARN_ENUM_CONVERSION = YES;
				CLANG_WARN_INFINITE_RECURSION = YES;
				CLANG_WARN_INT_CONVERSION = YES;
				CLANG_WARN_NON_LITERAL_NULL_CONVERSION = YES;
				CLANG_WARN_OBJC_IMPLICIT_RETAIN_SELF = YES;
				CLANG_WARN_OBJC_LITERAL_CONVERSION = YES;
				CLANG_WARN_OBJC_ROOT_CLASS = YES_ERROR;
				CLANG_WARN_RANGE_LOOP_ANALYSIS = YES;
				CLANG_WARN_STRICT_PROTOTYPES = YES;
				CLANG_WARN_SUSPICIOUS_MOVE = YES;
				CLANG_WARN_UNGUARDED_AVAILABILITY = YES_AGGRESSIVE;
				CLANG_WARN_UNREACHABLE_CODE = YES;
				CLANG_WARN__DUPLICATE_METHOD_MATCH = YES;
				CODE_SIGN_IDENTITY = "iPhone Developer";
				COPY_PHASE_STRIP = NO;
				DEBUG_INFORMATION_FORMAT = dwarf;
				ENABLE_STRICT_OBJC_MSGSEND = YES;
				ENABLE_TESTABILITY = YES;
				GCC_C_LANGUAGE_STANDARD = gnu11;
				GCC_DYNAMIC_NO_PIC = NO;
				GCC_NO_COMMON_BLOCKS = YES;
				GCC_OPTIMIZATION_LEVEL = 0;
				GCC_PREPROCESSOR_DEFINITIONS = (
					"DEBUG=1",
					"$(inherited)",
				);
				GCC_WARN_64_TO_32_BIT_CONVERSION = YES;
				GCC_WARN_ABOUT_RETURN_TYPE = YES_ERROR;
				GCC_WARN_UNDECLARED_SELECTOR = YES;
				GCC_WARN_UNINITIALIZED_AUTOS = YES_AGGRESSIVE;
				GCC_WARN_UNUSED_FUNCTION = YES;
				GCC_WARN_UNUSED_VARIABLE = YES;
				IPHONEOS_DEPLOYMENT_TARGET = 12.0;
				MTL_ENABLE_DEBUG_INFO = INCLUDE_SOURCE;
				MTL_FAST_MATH = YES;
				ONLY_ACTIVE_ARCH = YES;
				SDKROOT = iphoneos;
			};
			name = Debug;
		};
		392E692322570976003C33E5 /* Release */ = {
			isa = XCBuildConfiguration;
			buildSettings = {
				ALWAYS_SEARCH_USER_PATHS = NO;
				CLANG_ANALYZER_NONNULL = YES;
				CLANG_ANALYZER_NUMBER_OBJECT_CONVERSION = YES_AGGRESSIVE;
				CLANG_CXX_LANGUAGE_STANDARD = "gnu++14";
				CLANG_CXX_LIBRARY = "libc++";
				CLANG_ENABLE_MODULES = YES;
				CLANG_ENABLE_OBJC_ARC = YES;
				CLANG_ENABLE_OBJC_WEAK = YES;
				CLANG_WARN_BLOCK_CAPTURE_AUTORELEASING = YES;
				CLANG_WARN_BOOL_CONVERSION = YES;
				CLANG_WARN_COMMA = YES;
				CLANG_WARN_CONSTANT_CONVERSION = YES;
				CLANG_WARN_DEPRECATED_OBJC_IMPLEMENTATIONS = YES;
				CLANG_WARN_DIRECT_OBJC_ISA_USAGE = YES_ERROR;
				CLANG_WARN_DOCUMENTATION_COMMENTS = YES;
				CLANG_WARN_EMPTY_BODY = YES;
				CLANG_WARN_ENUM_CONVERSION = YES;
				CLANG_WARN_INFINITE_RECURSION = YES;
				CLANG_WARN_INT_CONVERSION = YES;
				CLANG_WARN_NON_LITERAL_NULL_CONVERSION = YES;
				CLANG_WARN_OBJC_IMPLICIT_RETAIN_SELF = YES;
				CLANG_WARN_OBJC_LITERAL_CONVERSION = YES;
				CLANG_WARN_OBJC_ROOT_CLASS = YES_ERROR;
				CLANG_WARN_RANGE_LOOP_ANALYSIS = YES;
				CLANG_WARN_STRICT_PROTOTYPES = YES;
				CLANG_WARN_SUSPICIOUS_MOVE = YES;
				CLANG_WARN_UNGUARDED_AVAILABILITY = YES_AGGRESSIVE;
				CLANG_WARN_UNREACHABLE_CODE = YES;
				CLANG_WARN__DUPLICATE_METHOD_MATCH = YES;
				CODE_SIGN_IDENTITY = "iPhone Developer";
				COPY_PHASE_STRIP = NO;
				DEBUG_INFORMATION_FORMAT = "dwarf-with-dsym";
				ENABLE_NS_ASSERTIONS = NO;
				ENABLE_STRICT_OBJC_MSGSEND = YES;
				GCC_C_LANGUAGE_STANDARD = gnu11;
				GCC_NO_COMMON_BLOCKS = YES;
				GCC_WARN_64_TO_32_BIT_CONVERSION = YES;
				GCC_WARN_ABOUT_RETURN_TYPE = YES_ERROR;
				GCC_WARN_UNDECLARED_SELECTOR = YES;
				GCC_WARN_UNINITIALIZED_AUTOS = YES_AGGRESSIVE;
				GCC_WARN_UNUSED_FUNCTION = YES;
				GCC_WARN_UNUSED_VARIABLE = YES;
				IPHONEOS_DEPLOYMENT_TARGET = 12.0;
				MTL_ENABLE_DEBUG_INFO = NO;
				MTL_FAST_MATH = YES;
				SDKROOT = iphoneos;
				VALIDATE_PRODUCT = YES;
			};
			name = Release;
		};
		392E692522570976003C33E5 /* Debug */ = {
			isa = XCBuildConfiguration;
			buildSettings = {
				ASSETCATALOG_COMPILER_APPICON_NAME = AppIcon;
				CODE_SIGN_STYLE = Automatic;
				DEVELOPMENT_TEAM = G5R86N7UXS;
				INFOPLIST_FILE = "KVO基础/Info.plist";
				LD_RUNPATH_SEARCH_PATHS = (
					"$(inherited)",
					"@executable_path/Frameworks",
				);
				PRODUCT_BUNDLE_IDENTIFIER = "com.zmj.tableView.KVO--";
				PRODUCT_NAME = "$(TARGET_NAME)";
				TARGETED_DEVICE_FAMILY = "1,2";
			};
			name = Debug;
		};
		392E692622570976003C33E5 /* Release */ = {
			isa = XCBuildConfiguration;
			buildSettings = {
				ASSETCATALOG_COMPILER_APPICON_NAME = AppIcon;
				CODE_SIGN_STYLE = Automatic;
				DEVELOPMENT_TEAM = G5R86N7UXS;
				INFOPLIST_FILE = "KVO基础/Info.plist";
				LD_RUNPATH_SEARCH_PATHS = (
					"$(inherited)",
					"@executable_path/Frameworks",
				);
				PRODUCT_BUNDLE_IDENTIFIER = "com.zmj.tableView.KVO--";
				PRODUCT_NAME = "$(TARGET_NAME)";
				TARGETED_DEVICE_FAMILY = "1,2";
			};
			name = Release;
		};
/* End XCBuildConfiguration section */

/* Begin XCConfigurationList section */
		392E690922570973003C33E5 /* Build configuration list for PBXProject "KVO基础" */ = {
			isa = XCConfigurationList;
			buildConfigurations = (
				392E692222570976003C33E5 /* Debug */,
				392E692322570976003C33E5 /* Release */,
			);
			defaultConfigurationIsVisible = 0;
			defaultConfigurationName = Release;
		};
		392E692422570976003C33E5 /* Build configuration list for PBXNativeTarget "KVO基础" */ = {
			isa = XCConfigurationList;
			buildConfigurations = (
				392E692522570976003C33E5 /* Debug */,
				392E692622570976003C33E5 /* Release */,
			);
			defaultConfigurationIsVisible = 0;
			defaultConfigurationName = Release;
		};
/* End XCConfigurationList section */
	};
	rootObject = 392E690622570973003C33E5 /* Project object */;
}
